
Microsoft Visual Studio Solution File, Format Version 12.00
# Visual Studio Version 16
VisualStudioVersion = 25.0.1706.4
MinimumVisualStudioVersion = 10.0.40219.1
Project("{FAE04EC0-301F-11D3-BF4B-00C04F79EFBC}") = "qwe", "qwe\qwe.csproj", "{6053C763-DC15-439E-AFA3-94EFD4E07086}"
EndProject
Project("{FAE04EC0-301F-11D3-BF4B-00C04F79EFBC}") = "qwerty", "qwerty\qwerty.csproj", "{60C693A4-3D2C-450B-AA0E-489FF8F96E3D}"
EndProject
Global
	GlobalSection(SolutionConfigurationPlatforms) = preSolution
		Debug|Any CPU = Debug|Any CPU
		Release|Any CPU = Release|Any CPU
	EndGlobalSection
	GlobalSection(ProjectConfigurationPlatforms) = postSolution
		{6053C763-DC15-439E-AFA3-94EFD4E07086}.Debug|Any CPU.ActiveCfg = Debug|Any CPU
		{6053C763-DC15-439E-AFA3-94EFD4E07086}.Debug|Any CPU.Build.0 = Debug|Any CPU
		{6053C763-DC15-439E-AFA3-94EFD4E07086}.Release|Any CPU.ActiveCfg = Release|Any CPU
		{6053C763-DC15-439E-AFA3-94EFD4E07086}.Release|Any CPU.Build.0 = Release|Any CPU
		{60C693A4-3D2C-450B-AA0E-489FF8F96E3D}.Debug|Any CPU.ActiveCfg = Debug|Any CPU
		{60C693A4-3D2C-450B-AA0E-489FF8F96E3D}.Debug|Any CPU.Build.0 = Debug|Any CPU
		{60C693A4-3D2C-450B-AA0E-489FF8F96E3D}.Release|Any CPU.ActiveCfg = Release|Any CPU
		{60C693A4-3D2C-450B-AA0E-489FF8F96E3D}.Release|Any CPU.Build.0 = Release|Any CPU
	EndGlobalSection
	GlobalSection(SolutionProperties) = preSolution
		HideSolutionNode = FALSE
	EndGlobalSection
	GlobalSection(ExtensibilityGlobals) = postSolution
		SolutionGuid = {5F7C1CC7-0AE8-495A-BDC0-F7FF10A7BB11}
	EndGlobalSection
EndGlobal
